
Microsoft Visual Studio Solution File, Format Version 12.00
# Visual Studio Version 16
VisualStudioVersion = 16.0.29123.88
MinimumVisualStudioVersion = 10.0.40219.1
Project("{FAE04EC0-301F-11D3-BF4B-00C04F79EFBC}") = "AndroidDataAdapters", "AndroidDataAdapters\AndroidDataAdapters.csproj", "{CCCCEF70-8D4A-4B30-A480-BB3CB91079DE}"
EndProject
Global
	GlobalSection(SolutionConfigurationPlatforms) = preSolution
		Debug|Any CPU = Debug|Any CPU
		Release|Any CPU = Release|Any CPU
	EndGlobalSection
	GlobalSection(ProjectConfigurationPlatforms) = postSolution
		{CCCCEF70-8D4A-4B30-A480-BB3CB91079DE}.Debug|Any CPU.ActiveCfg = Debug|Any CPU
		{CCCCEF70-8D4A-4B30-A480-BB3CB91079DE}.Debug|Any CPU.Build.0 = Debug|Any CPU
		{CCCCEF70-8D4A-4B30-A480-BB3CB91079DE}.Debug|Any CPU.Deploy.0 = Debug|Any CPU
		{CCCCEF70-8D4A-4B30-A480-BB3CB91079DE}.Release|Any CPU.ActiveCfg = Release|Any CPU
		{CCCCEF70-8D4A-4B30-A480-BB3CB91079DE}.Release|Any CPU.Build.0 = Release|Any CPU
		{CCCCEF70-8D4A-4B30-A480-BB3CB91079DE}.Release|Any CPU.Deploy.0 = Release|Any CPU
	EndGlobalSection
	GlobalSection(SolutionProperties) = preSolution
		HideSolutionNode = FALSE
	EndGlobalSection
	GlobalSection(ExtensibilityGlobals) = postSolution
		SolutionGuid = {DB71D506-11A4-4BAC-B839-32D18A52AB1F}
	EndGlobalSection
EndGlobal
